<?xml version="1.0" encoding="utf-8"?>
<Project ToolsVersion="4.0" xmlns="http://schemas.microsoft.com/developer/msbuild/2003">
  <ItemGroup>
    <ClCompile Include="Apple.cpp" />
    <ClCompile Include="AppleGenerator.cpp" />
    <ClCompile Include="GameManager.cpp" />
    <ClCompile Include="MapManager.cpp" />
    <ClCompile Include="MenuManager.cpp" />
    <ClCompile Include="Random.cpp" />
    <ClCompile Include="ScoreManager.cpp" />
    <ClCompile Include="Snake.cpp" />
    <ClCompile Include="SnakeManager.cpp" />
    <ClCompile Include="SnakeProjectSamBrandonNic.cpp" />
    <ClCompile Include="UiManager.cpp" />
    <ClCompile Include="Direction.cpp" />
  </ItemGroup>
  <ItemGroup>
    <ClInclude Include="Apple.h" />
    <ClInclude Include="AppleGenerator.h" />
    <ClInclude Include="GameManager.h" />
    <ClInclude Include="MapManager.h" />
    <ClInclude Include="MenuManager.h" />
    <ClInclude Include="Random.h" />
    <ClInclude Include="ScoreManager.h" />
    <ClInclude Include="Snake.h" />
    <ClInclude Include="SnakeManager.h" />
    <ClInclude Include="UiManager.h" />
  </ItemGroup>
</Project>